
Microsoft Visual Studio Solution File, Format Version 12.00
# Visual Studio Version 16
VisualStudioVersion = 16.0.32106.194
MinimumVisualStudioVersion = 10.0.40219.1
Project("{FAE04EC0-301F-11D3-BF4B-00C04F79EFBC}") = "BackupAndRestoreSQL", "BackupAndRestoreSQL\BackupAndRestoreSQL.csproj", "{62D93D62-5762-4E41-9E7E-D1ED53AB67A1}"
EndProject
Global
	GlobalSection(SolutionConfigurationPlatforms) = preSolution
		Debug|Any CPU = Debug|Any CPU
		Release|Any CPU = Release|Any CPU
	EndGlobalSection
	GlobalSection(ProjectConfigurationPlatforms) = postSolution
		{62D93D62-5762-4E41-9E7E-D1ED53AB67A1}.Debug|Any CPU.ActiveCfg = Debug|Any CPU
		{62D93D62-5762-4E41-9E7E-D1ED53AB67A1}.Debug|Any CPU.Build.0 = Debug|Any CPU
		{62D93D62-5762-4E41-9E7E-D1ED53AB67A1}.Release|Any CPU.ActiveCfg = Release|Any CPU
		{62D93D62-5762-4E41-9E7E-D1ED53AB67A1}.Release|Any CPU.Build.0 = Release|Any CPU
	EndGlobalSection
	GlobalSection(SolutionProperties) = preSolution
		HideSolutionNode = FALSE
	EndGlobalSection
	GlobalSection(ExtensibilityGlobals) = postSolution
		SolutionGuid = {5AAFC396-0B7B-49AC-8695-CFE4FBF06D8B}
	EndGlobalSection
EndGlobal
